
Microsoft Visual Studio Solution File, Format Version 12.00
# Visual Studio Version 17
VisualStudioVersion = 17.6.33829.357
MinimumVisualStudioVersion = 10.0.40219.1
Project("{8BC9CEB8-8B4A-11D0-8D11-00A0C91BC942}") = "visualstudio_c", "visualstudio_c.vcxproj", "{84DE8C39-E473-4271-928A-F9169AF52730}"
EndProject
Global
	GlobalSection(SolutionConfigurationPlatforms) = preSolution
		Debug|x64 = Debug|x64
		Debug|x86 = Debug|x86
		Release|x64 = Release|x64
		Release|x86 = Release|x86
	EndGlobalSection
	GlobalSection(ProjectConfigurationPlatforms) = postSolution
		{84DE8C39-E473-4271-928A-F9169AF52730}.Debug|x64.ActiveCfg = Debug|x64
		{84DE8C39-E473-4271-928A-F9169AF52730}.Debug|x64.Build.0 = Debug|x64
		{84DE8C39-E473-4271-928A-F9169AF52730}.Debug|x86.ActiveCfg = Debug|Win32
		{84DE8C39-E473-4271-928A-F9169AF52730}.Debug|x86.Build.0 = Debug|Win32
		{84DE8C39-E473-4271-928A-F9169AF52730}.Release|x64.ActiveCfg = Release|x64
		{84DE8C39-E473-4271-928A-F9169AF52730}.Release|x64.Build.0 = Release|x64
		{84DE8C39-E473-4271-928A-F9169AF52730}.Release|x86.ActiveCfg = Release|Win32
		{84DE8C39-E473-4271-928A-F9169AF52730}.Release|x86.Build.0 = Release|Win32
	EndGlobalSection
	GlobalSection(SolutionProperties) = preSolution
		HideSolutionNode = FALSE
	EndGlobalSection
	GlobalSection(ExtensibilityGlobals) = postSolution
		SolutionGuid = {E3CA0C3A-26B1-42A7-907F-DF7602AB4710}
	EndGlobalSection
EndGlobal
